
Microsoft Visual Studio Solution File, Format Version 12.00
# Visual Studio Version 16
VisualStudioVersion = 16.0.28803.202
MinimumVisualStudioVersion = 10.0.40219.1
Project("{9A19103F-16F7-4668-BE54-9A1E7A4F7556}") = "DotNetCore.Collections.Paginable", "src\DotNetCore.Collections.Paginable\DotNetCore.Collections.Paginable.csproj", "{9340D017-A253-4C89-9851-12A4A24381EC}"
EndProject
Project("{2150E333-8FDC-42A3-9474-1A3956D46DE8}") = "src", "src", "{5835FD91-1071-4A30-865A-FEF116868E0E}"
EndProject
Project("{2150E333-8FDC-42A3-9474-1A3956D46DE8}") = "sample", "sample", "{9ECA2B81-D139-4383-8BA8-852C6E5DEA60}"
EndProject
Project("{9A19103F-16F7-4668-BE54-9A1E7A4F7556}") = "Sample", "sample\Sample\Sample.csproj", "{76F071B8-841B-479E-BF3D-595DB07CDB51}"
EndProject
Project("{2150E333-8FDC-42A3-9474-1A3956D46DE8}") = "performance", "performance", "{4B773909-B5F7-4379-98A6-D95A8BB779FE}"
EndProject
Project("{9A19103F-16F7-4668-BE54-9A1E7A4F7556}") = "DotNetCore.Collections.Paginable.Benchmarks", "performance\DotNetCore.Collections.Paginable.Benchmarks\DotNetCore.Collections.Paginable.Benchmarks.csproj", "{328F5B18-8916-4CE5-AF4D-55C333C5B48E}"
EndProject
Project("{2150E333-8FDC-42A3-9474-1A3956D46DE8}") = "Append Solution Items", "Append Solution Items", "{9719A1AF-9DF7-401A-864D-2D95C65D7D6F}"
	ProjectSection(SolutionItems) = preProject
		Publish.bat = Publish.bat
		PublishToMyget.bat = PublishToMyget.bat
	EndProjectSection
EndProject
Project("{9A19103F-16F7-4668-BE54-9A1E7A4F7556}") = "Sample.EfCore", "sample\Sample.EfCore\Sample.EfCore.csproj", "{B52045FC-278B-4E55-ABC0-C2FBA8AB30AB}"
EndProject
Project("{9A19103F-16F7-4668-BE54-9A1E7A4F7556}") = "Sample.Ef", "sample\Sample.Ef\Sample.Ef.csproj", "{A31628D5-681D-4DC5-8BEF-CA008F9AB560}"
EndProject
Project("{2150E333-8FDC-42A3-9474-1A3956D46DE8}") = "tests", "tests", "{26527A0B-471B-4AF2-AFF3-C20CDB9AB6F1}"
EndProject
Project("{9A19103F-16F7-4668-BE54-9A1E7A4F7556}") = "DotNetCore.Collections.Paginable.Tests", "tests\DotNetCore.Collections.Paginable.Tests\DotNetCore.Collections.Paginable.Tests.csproj", "{AB45AF4E-6D40-4EA7-8F87-47631659779D}"
EndProject
Project("{2150E333-8FDC-42A3-9474-1A3956D46DE8}") = "build", "build", "{46E7BBBE-78CC-4004-89F1-AF0A75250DF6}"
	ProjectSection(SolutionItems) = preProject
		build\common.props = build\common.props
		build\version.props = build\version.props
		build\common-461p.props = build\common-461p.props
		build\common-net.props = build\common-net.props
		build\common-ns.props = build\common-ns.props
		build\package.props = build\package.props
		build\misc.props = build\misc.props
	EndProjectSection
EndProject
Project("{9A19103F-16F7-4668-BE54-9A1E7A4F7556}") = "DotNetCore.Collections.Paginable.ConsoleTests", "tests\DotNetCore.Collections.Paginable.ConsoleTests\DotNetCore.Collections.Paginable.ConsoleTests.csproj", "{24223D17-E4A2-4484-86DF-BEB387883CCC}"
EndProject
Project("{9A19103F-16F7-4668-BE54-9A1E7A4F7556}") = "DotNetCore.Collections.Paginable.SqlKata", "src\DotNetCore.Collections.Paginable.SqlKata\DotNetCore.Collections.Paginable.SqlKata.csproj", "{3AE56F11-CBDB-4720-9B42-7BC954EF59B1}"
EndProject
Project("{9A19103F-16F7-4668-BE54-9A1E7A4F7556}") = "DotNetCore.Collections.Paginable.DbTests", "tests\DotNetCore.Collections.Paginable.DbTests\DotNetCore.Collections.Paginable.DbTests.csproj", "{2D243CBA-A0C4-452D-82AC-C8CD8E2B8DB1}"
EndProject
Project("{9A19103F-16F7-4668-BE54-9A1E7A4F7556}") = "DotNetCore.Collections.Paginable.FreeSql", "src\DotNetCore.Collections.Paginable.FreeSql\DotNetCore.Collections.Paginable.FreeSql.csproj", "{412CB5DF-79AC-4D74-9C80-07E014D6BD37}"
EndProject
Project("{9A19103F-16F7-4668-BE54-9A1E7A4F7556}") = "DotNetCore.Collections.Paginable.SqlSugar", "src\DotNetCore.Collections.Paginable.SqlSugar\DotNetCore.Collections.Paginable.SqlSugar.csproj", "{E661C0CF-BF25-456D-A6F7-8868B70FD244}"
EndProject
Project("{9A19103F-16F7-4668-BE54-9A1E7A4F7556}") = "DotNetCore.Collections.Paginable.Chloe", "src\DotNetCore.Collections.Paginable.Chloe\DotNetCore.Collections.Paginable.Chloe.csproj", "{E38949F0-8196-4B68-8A03-C85FC6DF237A}"
EndProject
Project("{9A19103F-16F7-4668-BE54-9A1E7A4F7556}") = "DotNetCore.Collections.Paginable.NHibernate", "src\DotNetCore.Collections.Paginable.NHibernate\DotNetCore.Collections.Paginable.NHibernate.csproj", "{8CBEF1BE-BED1-480F-976E-A552A3784157}"
EndProject
Project("{9A19103F-16F7-4668-BE54-9A1E7A4F7556}") = "DotNetCore.Collections.Paginable.EntityFrameworkCore", "src\DotNetCore.Collections.Paginable.EntityFrameworkCore\DotNetCore.Collections.Paginable.EntityFrameworkCore.csproj", "{B3346DE0-C367-49F9-A466-5BD3CAD95FA2}"
EndProject
Project("{9A19103F-16F7-4668-BE54-9A1E7A4F7556}") = "DotNetCore.Collections.Paginable.DosOrm", "src\DotNetCore.Collections.Paginable.DosOrm\DotNetCore.Collections.Paginable.DosOrm.csproj", "{3A508361-D6F2-4DAD-81C4-0578DBCAE96F}"
EndProject
Project("{2150E333-8FDC-42A3-9474-1A3956D46DE8}") = "Paginable", "Paginable", "{B6560317-D086-4082-9A5F-6CD1C34716C1}"
EndProject
Project("{2150E333-8FDC-42A3-9474-1A3956D46DE8}") = "Paginable", "Paginable", "{DFA5B15E-B0B0-4DC3-9D3F-6A59BBE33D90}"
EndProject
Project("{2150E333-8FDC-42A3-9474-1A3956D46DE8}") = "Multi", "Multi", "{4D49C09B-0BE3-4207-96C5-AC2D6487D47F}"
EndProject
Project("{FAE04EC0-301F-11D3-BF4B-00C04F79EFBC}") = "DotNetCore.Collections.Multi", "src\DotNetCore.Collections.Multi\DotNetCore.Collections.Multi.csproj", "{E8235F93-91FF-4747-A523-63E278981C92}"
EndProject
Project("{FAE04EC0-301F-11D3-BF4B-00C04F79EFBC}") = "DotNetCore.Collections.Paginable.EntityFramework", "src\DotNetCore.Collections.Paginable.EntityFramework\DotNetCore.Collections.Paginable.EntityFramework.csproj", "{4AAA22B1-5B55-4C16-8A91-A94D0F8B92D4}"
EndProject
Project("{FAE04EC0-301F-11D3-BF4B-00C04F79EFBC}") = "DotNetCore.Collections.Paginable.FreeSql.DbContext", "src\DotNetCore.Collections.Paginable.FreeSql.DbContext\DotNetCore.Collections.Paginable.FreeSql.DbContext.csproj", "{87F5B781-4B3B-421B-95F5-490F8EC65D92}"
EndProject
Global
	GlobalSection(SolutionConfigurationPlatforms) = preSolution
		Debug|Any CPU = Debug|Any CPU
		Release|Any CPU = Release|Any CPU
	EndGlobalSection
	GlobalSection(ProjectConfigurationPlatforms) = postSolution
		{9340D017-A253-4C89-9851-12A4A24381EC}.Debug|Any CPU.ActiveCfg = Debug|Any CPU
		{9340D017-A253-4C89-9851-12A4A24381EC}.Debug|Any CPU.Build.0 = Debug|Any CPU
		{9340D017-A253-4C89-9851-12A4A24381EC}.Release|Any CPU.ActiveCfg = Release|Any CPU
		{9340D017-A253-4C89-9851-12A4A24381EC}.Release|Any CPU.Build.0 = Release|Any CPU
		{76F071B8-841B-479E-BF3D-595DB07CDB51}.Debug|Any CPU.ActiveCfg = Debug|Any CPU
		{76F071B8-841B-479E-BF3D-595DB07CDB51}.Debug|Any CPU.Build.0 = Debug|Any CPU
		{76F071B8-841B-479E-BF3D-595DB07CDB51}.Release|Any CPU.ActiveCfg = Release|Any CPU
		{76F071B8-841B-479E-BF3D-595DB07CDB51}.Release|Any CPU.Build.0 = Release|Any CPU
		{328F5B18-8916-4CE5-AF4D-55C333C5B48E}.Debug|Any CPU.ActiveCfg = Debug|Any CPU
		{328F5B18-8916-4CE5-AF4D-55C333C5B48E}.Debug|Any CPU.Build.0 = Debug|Any CPU
		{328F5B18-8916-4CE5-AF4D-55C333C5B48E}.Release|Any CPU.ActiveCfg = Release|Any CPU
		{328F5B18-8916-4CE5-AF4D-55C333C5B48E}.Release|Any CPU.Build.0 = Release|Any CPU
		{B52045FC-278B-4E55-ABC0-C2FBA8AB30AB}.Debug|Any CPU.ActiveCfg = Debug|Any CPU
		{B52045FC-278B-4E55-ABC0-C2FBA8AB30AB}.Debug|Any CPU.Build.0 = Debug|Any CPU
		{B52045FC-278B-4E55-ABC0-C2FBA8AB30AB}.Release|Any CPU.ActiveCfg = Release|Any CPU
		{B52045FC-278B-4E55-ABC0-C2FBA8AB30AB}.Release|Any CPU.Build.0 = Release|Any CPU
		{A31628D5-681D-4DC5-8BEF-CA008F9AB560}.Debug|Any CPU.ActiveCfg = Debug|Any CPU
		{A31628D5-681D-4DC5-8BEF-CA008F9AB560}.Debug|Any CPU.Build.0 = Debug|Any CPU
		{A31628D5-681D-4DC5-8BEF-CA008F9AB560}.Release|Any CPU.ActiveCfg = Release|Any CPU
		{A31628D5-681D-4DC5-8BEF-CA008F9AB560}.Release|Any CPU.Build.0 = Release|Any CPU
		{AB45AF4E-6D40-4EA7-8F87-47631659779D}.Debug|Any CPU.ActiveCfg = Debug|Any CPU
		{AB45AF4E-6D40-4EA7-8F87-47631659779D}.Debug|Any CPU.Build.0 = Debug|Any CPU
		{AB45AF4E-6D40-4EA7-8F87-47631659779D}.Release|Any CPU.ActiveCfg = Release|Any CPU
		{AB45AF4E-6D40-4EA7-8F87-47631659779D}.Release|Any CPU.Build.0 = Release|Any CPU
		{24223D17-E4A2-4484-86DF-BEB387883CCC}.Debug|Any CPU.ActiveCfg = Debug|Any CPU
		{24223D17-E4A2-4484-86DF-BEB387883CCC}.Debug|Any CPU.Build.0 = Debug|Any CPU
		{24223D17-E4A2-4484-86DF-BEB387883CCC}.Release|Any CPU.ActiveCfg = Release|Any CPU
		{24223D17-E4A2-4484-86DF-BEB387883CCC}.Release|Any CPU.Build.0 = Release|Any CPU
		{3AE56F11-CBDB-4720-9B42-7BC954EF59B1}.Debug|Any CPU.ActiveCfg = Debug|Any CPU
		{3AE56F11-CBDB-4720-9B42-7BC954EF59B1}.Debug|Any CPU.Build.0 = Debug|Any CPU
		{3AE56F11-CBDB-4720-9B42-7BC954EF59B1}.Release|Any CPU.ActiveCfg = Release|Any CPU
		{3AE56F11-CBDB-4720-9B42-7BC954EF59B1}.Release|Any CPU.Build.0 = Release|Any CPU
		{2D243CBA-A0C4-452D-82AC-C8CD8E2B8DB1}.Debug|Any CPU.ActiveCfg = Debug|Any CPU
		{2D243CBA-A0C4-452D-82AC-C8CD8E2B8DB1}.Debug|Any CPU.Build.0 = Debug|Any CPU
		{2D243CBA-A0C4-452D-82AC-C8CD8E2B8DB1}.Release|Any CPU.ActiveCfg = Release|Any CPU
		{2D243CBA-A0C4-452D-82AC-C8CD8E2B8DB1}.Release|Any CPU.Build.0 = Release|Any CPU
		{412CB5DF-79AC-4D74-9C80-07E014D6BD37}.Debug|Any CPU.ActiveCfg = Debug|Any CPU
		{412CB5DF-79AC-4D74-9C80-07E014D6BD37}.Debug|Any CPU.Build.0 = Debug|Any CPU
		{412CB5DF-79AC-4D74-9C80-07E014D6BD37}.Release|Any CPU.ActiveCfg = Release|Any CPU
		{412CB5DF-79AC-4D74-9C80-07E014D6BD37}.Release|Any CPU.Build.0 = Release|Any CPU
		{E661C0CF-BF25-456D-A6F7-8868B70FD244}.Debug|Any CPU.ActiveCfg = Debug|Any CPU
		{E661C0CF-BF25-456D-A6F7-8868B70FD244}.Debug|Any CPU.Build.0 = Debug|Any CPU
		{E661C0CF-BF25-456D-A6F7-8868B70FD244}.Release|Any CPU.ActiveCfg = Release|Any CPU
		{E661C0CF-BF25-456D-A6F7-8868B70FD244}.Release|Any CPU.Build.0 = Release|Any CPU
		{E38949F0-8196-4B68-8A03-C85FC6DF237A}.Debug|Any CPU.ActiveCfg = Debug|Any CPU
		{E38949F0-8196-4B68-8A03-C85FC6DF237A}.Debug|Any CPU.Build.0 = Debug|Any CPU
		{E38949F0-8196-4B68-8A03-C85FC6DF237A}.Release|Any CPU.ActiveCfg = Release|Any CPU
		{E38949F0-8196-4B68-8A03-C85FC6DF237A}.Release|Any CPU.Build.0 = Release|Any CPU
		{8CBEF1BE-BED1-480F-976E-A552A3784157}.Debug|Any CPU.ActiveCfg = Debug|Any CPU
		{8CBEF1BE-BED1-480F-976E-A552A3784157}.Debug|Any CPU.Build.0 = Debug|Any CPU
		{8CBEF1BE-BED1-480F-976E-A552A3784157}.Release|Any CPU.ActiveCfg = Release|Any CPU
		{8CBEF1BE-BED1-480F-976E-A552A3784157}.Release|Any CPU.Build.0 = Release|Any CPU
		{B3346DE0-C367-49F9-A466-5BD3CAD95FA2}.Debug|Any CPU.ActiveCfg = Debug|Any CPU
		{B3346DE0-C367-49F9-A466-5BD3CAD95FA2}.Debug|Any CPU.Build.0 = Debug|Any CPU
		{B3346DE0-C367-49F9-A466-5BD3CAD95FA2}.Release|Any CPU.ActiveCfg = Release|Any CPU
		{B3346DE0-C367-49F9-A466-5BD3CAD95FA2}.Release|Any CPU.Build.0 = Release|Any CPU
		{3A508361-D6F2-4DAD-81C4-0578DBCAE96F}.Debug|Any CPU.ActiveCfg = Debug|Any CPU
		{3A508361-D6F2-4DAD-81C4-0578DBCAE96F}.Debug|Any CPU.Build.0 = Debug|Any CPU
		{3A508361-D6F2-4DAD-81C4-0578DBCAE96F}.Release|Any CPU.ActiveCfg = Release|Any CPU
		{3A508361-D6F2-4DAD-81C4-0578DBCAE96F}.Release|Any CPU.Build.0 = Release|Any CPU
		{E8235F93-91FF-4747-A523-63E278981C92}.Debug|Any CPU.ActiveCfg = Debug|Any CPU
		{E8235F93-91FF-4747-A523-63E278981C92}.Debug|Any CPU.Build.0 = Debug|Any CPU
		{E8235F93-91FF-4747-A523-63E278981C92}.Release|Any CPU.ActiveCfg = Release|Any CPU
		{E8235F93-91FF-4747-A523-63E278981C92}.Release|Any CPU.Build.0 = Release|Any CPU
		{4AAA22B1-5B55-4C16-8A91-A94D0F8B92D4}.Debug|Any CPU.ActiveCfg = Debug|Any CPU
		{4AAA22B1-5B55-4C16-8A91-A94D0F8B92D4}.Debug|Any CPU.Build.0 = Debug|Any CPU
		{4AAA22B1-5B55-4C16-8A91-A94D0F8B92D4}.Release|Any CPU.ActiveCfg = Release|Any CPU
		{4AAA22B1-5B55-4C16-8A91-A94D0F8B92D4}.Release|Any CPU.Build.0 = Release|Any CPU
		{87F5B781-4B3B-421B-95F5-490F8EC65D92}.Debug|Any CPU.ActiveCfg = Debug|Any CPU
		{87F5B781-4B3B-421B-95F5-490F8EC65D92}.Debug|Any CPU.Build.0 = Debug|Any CPU
		{87F5B781-4B3B-421B-95F5-490F8EC65D92}.Release|Any CPU.ActiveCfg = Release|Any CPU
		{87F5B781-4B3B-421B-95F5-490F8EC65D92}.Release|Any CPU.Build.0 = Release|Any CPU
	EndGlobalSection
	GlobalSection(SolutionProperties) = preSolution
		HideSolutionNode = FALSE
	EndGlobalSection
	GlobalSection(NestedProjects) = preSolution
		{9340D017-A253-4C89-9851-12A4A24381EC} = {B6560317-D086-4082-9A5F-6CD1C34716C1}
		{76F071B8-841B-479E-BF3D-595DB07CDB51} = {9ECA2B81-D139-4383-8BA8-852C6E5DEA60}
		{328F5B18-8916-4CE5-AF4D-55C333C5B48E} = {4B773909-B5F7-4379-98A6-D95A8BB779FE}
		{B52045FC-278B-4E55-ABC0-C2FBA8AB30AB} = {9ECA2B81-D139-4383-8BA8-852C6E5DEA60}
		{A31628D5-681D-4DC5-8BEF-CA008F9AB560} = {9ECA2B81-D139-4383-8BA8-852C6E5DEA60}
		{AB45AF4E-6D40-4EA7-8F87-47631659779D} = {DFA5B15E-B0B0-4DC3-9D3F-6A59BBE33D90}
		{46E7BBBE-78CC-4004-89F1-AF0A75250DF6} = {9719A1AF-9DF7-401A-864D-2D95C65D7D6F}
		{24223D17-E4A2-4484-86DF-BEB387883CCC} = {DFA5B15E-B0B0-4DC3-9D3F-6A59BBE33D90}
		{3AE56F11-CBDB-4720-9B42-7BC954EF59B1} = {B6560317-D086-4082-9A5F-6CD1C34716C1}
		{2D243CBA-A0C4-452D-82AC-C8CD8E2B8DB1} = {DFA5B15E-B0B0-4DC3-9D3F-6A59BBE33D90}
		{412CB5DF-79AC-4D74-9C80-07E014D6BD37} = {B6560317-D086-4082-9A5F-6CD1C34716C1}
		{E661C0CF-BF25-456D-A6F7-8868B70FD244} = {B6560317-D086-4082-9A5F-6CD1C34716C1}
		{E38949F0-8196-4B68-8A03-C85FC6DF237A} = {B6560317-D086-4082-9A5F-6CD1C34716C1}
		{8CBEF1BE-BED1-480F-976E-A552A3784157} = {B6560317-D086-4082-9A5F-6CD1C34716C1}
		{B3346DE0-C367-49F9-A466-5BD3CAD95FA2} = {B6560317-D086-4082-9A5F-6CD1C34716C1}
		{3A508361-D6F2-4DAD-81C4-0578DBCAE96F} = {B6560317-D086-4082-9A5F-6CD1C34716C1}
		{B6560317-D086-4082-9A5F-6CD1C34716C1} = {5835FD91-1071-4A30-865A-FEF116868E0E}
		{DFA5B15E-B0B0-4DC3-9D3F-6A59BBE33D90} = {26527A0B-471B-4AF2-AFF3-C20CDB9AB6F1}
		{4D49C09B-0BE3-4207-96C5-AC2D6487D47F} = {5835FD91-1071-4A30-865A-FEF116868E0E}
		{E8235F93-91FF-4747-A523-63E278981C92} = {4D49C09B-0BE3-4207-96C5-AC2D6487D47F}
		{4AAA22B1-5B55-4C16-8A91-A94D0F8B92D4} = {B6560317-D086-4082-9A5F-6CD1C34716C1}
		{87F5B781-4B3B-421B-95F5-490F8EC65D92} = {B6560317-D086-4082-9A5F-6CD1C34716C1}
	EndGlobalSection
	GlobalSection(ExtensibilityGlobals) = postSolution
		SolutionGuid = {71513A6C-8231-46C2-ADE8-0288FD4654D8}
	EndGlobalSection
EndGlobal
