{
  "version": 1,
  "dependencies": {
    ".NETFramework,Version=v4.6.1": {
      "Microsoft.NETFramework.ReferenceAssemblies": {
        "type": "Direct",
        "requested": "[1.0.3, )",
        "resolved": "1.0.3",
        "contentHash": "vUc9Npcs14QsyOD01tnv/m8sQUnGTGOw1BCmKcv77LBJY7OxhJ+zJF7UD/sCL3lYNFuqmQEVlkfS4Quif6FyYg==",
        "dependencies": {
          "Microsoft.NETFramework.ReferenceAssemblies.net461": "1.0.3"
        }
      },
      "Microsoft.SourceLink.GitHub": {
        "type": "Direct",
        "requested": "[10.0.401, )",
        "resolved": "10.0.401",
        "contentHash": "LGmlwgP1Cx37JEWzyjS0o1/+xs/s/e3E2TBSuogI5ePA/9L0pfIfeYX0k5in7Bfcw8Nn2y2sG9jXxydTjiR2Fg=="
      },
      "NHibernate": {
        "type": "Direct",
        "requested": "[5.7.0, )",
        "resolved": "5.7.0",
        "contentHash": "1F+hr6k6Ox2Im8rylpEczLBNcXyB5AD4EgQbScGwKMboikmT0KPzrPP6q/h3bceHKpM+8MQTKVz3DslP89Hr7Q==",
        "dependencies": {
          "Antlr3.Runtime": "[3.5.1, 4.0.0)",
          "Iesi.Collections": "4.1.1",
          "Remotion.Linq": "[2.2.0, 3.0.0)",
          "Remotion.Linq.EagerFetching": "[2.2.0, 3.0.0)"
        }
      },
      "Antlr3.Runtime": {
        "type": "Transitive",
        "resolved": "3.5.1",
        "contentHash": "ZwCEpLCLZXkjzf1lYEixp9hgVlYYk33ACHn6xjFyVhGRi2BpoYQez0qtatbetdylASWYTG+cGz0CGR4z66JM4w=="
      },
      "Iesi.Collections": {
        "type": "Transitive",
        "resolved": "4.1.1",
        "contentHash": "VBrZi6gKjArcyOqrKoZODtd4V9rGqyxkUTwO9Hg/8+idhe/A391X9nRXuESewb7kfCNo5jRwFKLSjrY0j+0PkA=="
      },
      "Microsoft.NETFramework.ReferenceAssemblies.net461": {
        "type": "Transitive",
        "resolved": "1.0.3",
        "contentHash": "AmOJZwCqnOCNp6PPcf9joyogScWLtwy0M1WkqfEQ0M9nYwyDD7EX9ZjscKS5iYnyvteX7kzSKFCKt9I9dXA6mA=="
      },
      "Remotion.Linq": {
        "type": "Transitive",
        "resolved": "2.2.0",
        "contentHash": "fK/76UmpC0FXBlGDFVPLJHQlDLYnGC+XY3eoDgCgbtrhi0vzbXDQ3n/IYHhqSKqXQfGw/u04A1drWs7rFVkRjw=="
      },
      "Remotion.Linq.EagerFetching": {
        "type": "Transitive",
        "resolved": "2.2.0",
        "contentHash": "d6bkH5kROJPFsdvDy4yQved9I4ickamytPByPyuQcH9dk1ef4jciajo50vTQhheyOHeWOgLh97UvkiHV8QSgeQ==",
        "dependencies": {
          "Remotion.Linq": "2.2.0"
        }
      },
      "dotnetcore.collections.paginable": {
        "type": "Project"
      }
    },
    ".NETFramework,Version=v4.7": {
      "Microsoft.NETFramework.ReferenceAssemblies": {
        "type": "Direct",
        "requested": "[1.0.3, )",
        "resolved": "1.0.3",
        "contentHash": "vUc9Npcs14QsyOD01tnv/m8sQUnGTGOw1BCmKcv77LBJY7OxhJ+zJF7UD/sCL3lYNFuqmQEVlkfS4Quif6FyYg==",
        "dependencies": {
          "Microsoft.NETFramework.ReferenceAssemblies.net47": "1.0.3"
        }
      },
      "Microsoft.SourceLink.GitHub": {
        "type": "Direct",
        "requested": "[10.0.401, )",
        "resolved": "10.0.401",
        "contentHash": "LGmlwgP1Cx37JEWzyjS0o1/+xs/s/e3E2TBSuogI5ePA/9L0pfIfeYX0k5in7Bfcw8Nn2y2sG9jXxydTjiR2Fg=="
      },
      "NHibernate": {
        "type": "Direct",
        "requested": "[5.7.0, )",
        "resolved": "5.7.0",
        "contentHash": "1F+hr6k6Ox2Im8rylpEczLBNcXyB5AD4EgQbScGwKMboikmT0KPzrPP6q/h3bceHKpM+8MQTKVz3DslP89Hr7Q==",
        "dependencies": {
          "Antlr3.Runtime": "[3.5.1, 4.0.0)",
          "Iesi.Collections": "4.1.1",
          "Remotion.Linq": "[2.2.0, 3.0.0)",
          "Remotion.Linq.EagerFetching": "[2.2.0, 3.0.0)"
        }
      },
      "Antlr3.Runtime": {
        "type": "Transitive",
        "resolved": "3.5.1",
        "contentHash": "ZwCEpLCLZXkjzf1lYEixp9hgVlYYk33ACHn6xjFyVhGRi2BpoYQez0qtatbetdylASWYTG+cGz0CGR4z66JM4w=="
      },
      "Iesi.Collections": {
        "type": "Transitive",
        "resolved": "4.1.1",
        "contentHash": "VBrZi6gKjArcyOqrKoZODtd4V9rGqyxkUTwO9Hg/8+idhe/A391X9nRXuESewb7kfCNo5jRwFKLSjrY0j+0PkA=="
      },
      "Microsoft.NETFramework.ReferenceAssemblies.net47": {
        "type": "Transitive",
        "resolved": "1.0.3",
        "contentHash": "s2ik8oLVJHVcQPVNHq+X5UfpQP6RsvoixtWzuW2qZvYjRickfC70OXpCmEUgTxjWumS4qZfZ3ZGR1yH7ATc4Wg=="
      },
      "Remotion.Linq": {
        "type": "Transitive",
        "resolved": "2.2.0",
        "contentHash": "fK/76UmpC0FXBlGDFVPLJHQlDLYnGC+XY3eoDgCgbtrhi0vzbXDQ3n/IYHhqSKqXQfGw/u04A1drWs7rFVkRjw=="
      },
      "Remotion.Linq.EagerFetching": {
        "type": "Transitive",
        "resolved": "2.2.0",
        "contentHash": "d6bkH5kROJPFsdvDy4yQved9I4ickamytPByPyuQcH9dk1ef4jciajo50vTQhheyOHeWOgLh97UvkiHV8QSgeQ==",
        "dependencies": {
          "Remotion.Linq": "2.2.0"
        }
      },
      "dotnetcore.collections.paginable": {
        "type": "Project"
      }
    },
    ".NETFramework,Version=v4.8": {
      "Microsoft.SourceLink.GitHub": {
        "type": "Direct",
        "requested": "[10.0.401, )",
        "resolved": "10.0.401",
        "contentHash": "LGmlwgP1Cx37JEWzyjS0o1/+xs/s/e3E2TBSuogI5ePA/9L0pfIfeYX0k5in7Bfcw8Nn2y2sG9jXxydTjiR2Fg==",
        "dependencies": {
          "Microsoft.Build.Tasks.Git": "10.0.401",
          "Microsoft.SourceLink.Common": "10.0.401",
          "System.IO.Hashing": "10.0.12"
        }
      },
      "NHibernate": {
        "type": "Direct",
        "requested": "[5.7.0, )",
        "resolved": "5.7.0",
        "contentHash": "1F+hr6k6Ox2Im8rylpEczLBNcXyB5AD4EgQbScGwKMboikmT0KPzrPP6q/h3bceHKpM+8MQTKVz3DslP89Hr7Q==",
        "dependencies": {
          "Antlr3.Runtime": "[3.5.1, 4.0.0)",
          "Iesi.Collections": "4.1.1",
          "Remotion.Linq": "[2.2.0, 3.0.0)",
          "Remotion.Linq.EagerFetching": "[2.2.0, 3.0.0)"
        }
      },
      "Antlr3.Runtime": {
        "type": "Transitive",
        "resolved": "3.5.1",
        "contentHash": "ZwCEpLCLZXkjzf1lYEixp9hgVlYYk33ACHn6xjFyVhGRi2BpoYQez0qtatbetdylASWYTG+cGz0CGR4z66JM4w=="
      },
      "Iesi.Collections": {
        "type": "Transitive",
        "resolved": "4.1.1",
        "contentHash": "VBrZi6gKjArcyOqrKoZODtd4V9rGqyxkUTwO9Hg/8+idhe/A391X9nRXuESewb7kfCNo5jRwFKLSjrY0j+0PkA=="
      },
      "Microsoft.Build.Tasks.Git": {
        "type": "Transitive",
        "resolved": "10.0.401",
        "contentHash": "ZYctNuT10V9IYyCFydy63DXx0ggZQuynuzQOdLvW62dPgzjIz7f0ISEP75RGiq1jFQh8p6TmGSqxeQZQ87LCig==",
        "dependencies": {
          "System.IO.Hashing": "10.0.12"
        }
      },
      "Microsoft.SourceLink.Common": {
        "type": "Transitive",
        "resolved": "10.0.401",
        "contentHash": "u3rLxIwi/9MqDFaWGE/QQgLR1NBEzLOW2lv5+9OrZPDBYIAmFdYSWCWrR1ufpXWOqFn+x02TgKropl/oDuHmgA=="
      },
      "Remotion.Linq": {
        "type": "Transitive",
        "resolved": "2.2.0",
        "contentHash": "fK/76UmpC0FXBlGDFVPLJHQlDLYnGC+XY3eoDgCgbtrhi0vzbXDQ3n/IYHhqSKqXQfGw/u04A1drWs7rFVkRjw=="
      },
      "Remotion.Linq.EagerFetching": {
        "type": "Transitive",
        "resolved": "2.2.0",
        "contentHash": "d6bkH5kROJPFsdvDy4yQved9I4ickamytPByPyuQcH9dk1ef4jciajo50vTQhheyOHeWOgLh97UvkiHV8QSgeQ==",
        "dependencies": {
          "Remotion.Linq": "2.2.0"
        }
      },
      "System.Buffers": {
        "type": "Transitive",
        "resolved": "4.6.1",
        "contentHash": "N8GXpmiLMtljq7gwvyS+1QvKT/W2J8sNAvx+HVg4NGmsG/H+2k/y9QI23auLJRterrzCiDH+IWAw4V/GPwsMlw=="
      },
      "System.IO.Hashing": {
        "type": "Transitive",
        "resolved": "10.0.12",
        "contentHash": "jDix4bBMYnpZdSPcnY+KDV6ik3SRMzpMKby/bZl/XUwIiflwRNAFZ0oOl61R/pSaveIJ8t1gs2BUlrGsPs/bcg==",
        "dependencies": {
          "System.Buffers": "4.6.1",
          "System.Memory": "4.6.3"
        }
      },
      "System.Memory": {
        "type": "Transitive",
        "resolved": "4.6.3",
        "contentHash": "qdcDOgnFZY40+Q9876JUHnlHu7bosOHX8XISRoH94fwk6hgaeQGSgfZd8srWRZNt5bV9ZW2TljcegDNxsf+96A==",
        "dependencies": {
          "System.Buffers": "4.6.1",
          "System.Numerics.Vectors": "4.6.1",
          "System.Runtime.CompilerServices.Unsafe": "6.1.2"
        }
      },
      "System.Numerics.Vectors": {
        "type": "Transitive",
        "resolved": "4.6.1",
        "contentHash": "sQxefTnhagrhoq2ReR0D/6K0zJcr9Hrd6kikeXsA1I8kOCboTavcUC4r7TSfpKFeE163uMuxZcyfO1mGO3EN8Q=="
      },
      "System.Runtime.CompilerServices.Unsafe": {
        "type": "Transitive",
        "resolved": "6.1.2",
        "contentHash": "2hBr6zdbIBTDE3EhK7NSVNdX58uTK6iHW/P/Axmm9sl1xoGSLqDvMtpecn226TNwHByFokYwJmt/aQQNlO5CRw=="
      },
      "dotnetcore.collections.paginable": {
        "type": "Project"
      }
    },
    ".NETStandard,Version=v2.0": {
      "Microsoft.SourceLink.GitHub": {
        "type": "Direct",
        "requested": "[10.0.401, )",
        "resolved": "10.0.401",
        "contentHash": "LGmlwgP1Cx37JEWzyjS0o1/+xs/s/e3E2TBSuogI5ePA/9L0pfIfeYX0k5in7Bfcw8Nn2y2sG9jXxydTjiR2Fg==",
        "dependencies": {
          "Microsoft.Build.Tasks.Git": "10.0.401",
          "Microsoft.SourceLink.Common": "10.0.401",
          "System.IO.Hashing": "10.0.12"
        }
      },
      "NETStandard.Library": {
        "type": "Direct",
        "requested": "[2.0.3, )",
        "resolved": "2.0.3",
        "contentHash": "st47PosZSHrjECdjeIzZQbzivYBJFv6P2nv4cj2ypdI204DO+vZ7l5raGMiX4eXMJ53RfOIg+/s4DHVZ54Nu2A==",
        "dependencies": {
          "Microsoft.NETCore.Platforms": "1.1.0"
        }
      },
      "NHibernate": {
        "type": "Direct",
        "requested": "[5.7.0, )",
        "resolved": "5.7.0",
        "contentHash": "1F+hr6k6Ox2Im8rylpEczLBNcXyB5AD4EgQbScGwKMboikmT0KPzrPP6q/h3bceHKpM+8MQTKVz3DslP89Hr7Q==",
        "dependencies": {
          "Antlr3.Runtime": "[3.5.1, 4.0.0)",
          "Iesi.Collections": "4.1.1",
          "Microsoft.CSharp": "4.7.0",
          "Remotion.Linq": "[2.2.0, 3.0.0)",
          "Remotion.Linq.EagerFetching": "[2.2.0, 3.0.0)",
          "System.Configuration.ConfigurationManager": "4.7.0",
          "System.Reflection.Emit": "4.7.0",
          "System.Reflection.Emit.Lightweight": "4.7.0"
        }
      },
      "Antlr3.Runtime": {
        "type": "Transitive",
        "resolved": "3.5.1",
        "contentHash": "ZwCEpLCLZXkjzf1lYEixp9hgVlYYk33ACHn6xjFyVhGRi2BpoYQez0qtatbetdylASWYTG+cGz0CGR4z66JM4w==",
        "dependencies": {
          "NETStandard.Library": "1.6.0"
        }
      },
      "Iesi.Collections": {
        "type": "Transitive",
        "resolved": "4.1.1",
        "contentHash": "VBrZi6gKjArcyOqrKoZODtd4V9rGqyxkUTwO9Hg/8+idhe/A391X9nRXuESewb7kfCNo5jRwFKLSjrY0j+0PkA=="
      },
      "Microsoft.Build.Tasks.Git": {
        "type": "Transitive",
        "resolved": "10.0.401",
        "contentHash": "ZYctNuT10V9IYyCFydy63DXx0ggZQuynuzQOdLvW62dPgzjIz7f0ISEP75RGiq1jFQh8p6TmGSqxeQZQ87LCig==",
        "dependencies": {
          "System.IO.Hashing": "10.0.12"
        }
      },
      "Microsoft.CSharp": {
        "type": "Transitive",
        "resolved": "4.7.0",
        "contentHash": "pTj+D3uJWyN3My70i2Hqo+OXixq3Os2D1nJ2x92FFo6sk8fYS1m1WLNTs0Dc1uPaViH0YvEEwvzddQ7y4rhXmA=="
      },
      "Microsoft.NETCore.Platforms": {
        "type": "Transitive",
        "resolved": "1.1.0",
        "contentHash": "kz0PEW2lhqygehI/d6XsPCQzD7ff7gUJaVGPVETX611eadGsA3A877GdSlU0LRVMCTH/+P3o2iDTak+S08V2+A=="
      },
      "Microsoft.SourceLink.Common": {
        "type": "Transitive",
        "resolved": "10.0.401",
        "contentHash": "u3rLxIwi/9MqDFaWGE/QQgLR1NBEzLOW2lv5+9OrZPDBYIAmFdYSWCWrR1ufpXWOqFn+x02TgKropl/oDuHmgA=="
      },
      "Remotion.Linq": {
        "type": "Transitive",
        "resolved": "2.2.0",
        "contentHash": "fK/76UmpC0FXBlGDFVPLJHQlDLYnGC+XY3eoDgCgbtrhi0vzbXDQ3n/IYHhqSKqXQfGw/u04A1drWs7rFVkRjw==",
        "dependencies": {
          "System.ObjectModel": "4.0.12"
        }
      },
      "Remotion.Linq.EagerFetching": {
        "type": "Transitive",
        "resolved": "2.2.0",
        "contentHash": "d6bkH5kROJPFsdvDy4yQved9I4ickamytPByPyuQcH9dk1ef4jciajo50vTQhheyOHeWOgLh97UvkiHV8QSgeQ==",
        "dependencies": {
          "Remotion.Linq": "2.2.0",
          "System.ObjectModel": "4.0.12"
        }
      },
      "System.Buffers": {
        "type": "Transitive",
        "resolved": "4.6.1",
        "contentHash": "N8GXpmiLMtljq7gwvyS+1QvKT/W2J8sNAvx+HVg4NGmsG/H+2k/y9QI23auLJRterrzCiDH+IWAw4V/GPwsMlw=="
      },
      "System.Configuration.ConfigurationManager": {
        "type": "Transitive",
        "resolved": "4.7.0",
        "contentHash": "/anOTeSZCNNI2zDilogWrZ8pNqCmYbzGNexUnNhjW8k0sHqEZ2nHJBp147jBV3hGYswu5lINpNg1vxR7bnqvVA==",
        "dependencies": {
          "System.Security.Cryptography.ProtectedData": "4.7.0",
          "System.Security.Permissions": "4.7.0"
        }
      },
      "System.IO.Hashing": {
        "type": "Transitive",
        "resolved": "10.0.12",
        "contentHash": "jDix4bBMYnpZdSPcnY+KDV6ik3SRMzpMKby/bZl/XUwIiflwRNAFZ0oOl61R/pSaveIJ8t1gs2BUlrGsPs/bcg==",
        "dependencies": {
          "System.Buffers": "4.6.1",
          "System.Memory": "4.6.3"
        }
      },
      "System.Memory": {
        "type": "Transitive",
        "resolved": "4.6.3",
        "contentHash": "qdcDOgnFZY40+Q9876JUHnlHu7bosOHX8XISRoH94fwk6hgaeQGSgfZd8srWRZNt5bV9ZW2TljcegDNxsf+96A==",
        "dependencies": {
          "System.Buffers": "4.6.1",
          "System.Numerics.Vectors": "4.6.1",
          "System.Runtime.CompilerServices.Unsafe": "6.1.2"
        }
      },
      "System.Numerics.Vectors": {
        "type": "Transitive",
        "resolved": "4.6.1",
        "contentHash": "sQxefTnhagrhoq2ReR0D/6K0zJcr9Hrd6kikeXsA1I8kOCboTavcUC4r7TSfpKFeE163uMuxZcyfO1mGO3EN8Q=="
      },
      "System.ObjectModel": {
        "type": "Transitive",
        "resolved": "4.0.12",
        "contentHash": "tAgJM1xt3ytyMoW4qn4wIqgJYm7L7TShRZG4+Q4Qsi2PCcj96pXN7nRywS9KkB3p/xDUjc2HSwP9SROyPYDYKQ=="
      },
      "System.Reflection.Emit": {
        "type": "Transitive",
        "resolved": "4.7.0",
        "contentHash": "VR4kk8XLKebQ4MZuKuIni/7oh+QGFmZW3qORd1GvBq/8026OpW501SzT/oypwiQl4TvT8ErnReh/NzY9u+C6wQ==",
        "dependencies": {
          "System.Reflection.Emit.ILGeneration": "4.7.0"
        }
      },
      "System.Reflection.Emit.ILGeneration": {
        "type": "Transitive",
        "resolved": "4.7.0",
        "contentHash": "AucBYo3DSI0IDxdUjKksBcQJXPHyoPyrCXYURW1WDsLI4M65Ar/goSHjdnHOAY9MiYDNKqDlIgaYm+zL2hA1KA=="
      },
      "System.Reflection.Emit.Lightweight": {
        "type": "Transitive",
        "resolved": "4.7.0",
        "contentHash": "a4OLB4IITxAXJeV74MDx49Oq2+PsF6Sml54XAFv+2RyWwtDBcabzoxiiJRhdhx+gaohLh4hEGCLQyBozXoQPqA==",
        "dependencies": {
          "System.Reflection.Emit.ILGeneration": "4.7.0"
        }
      },
      "System.Runtime.CompilerServices.Unsafe": {
        "type": "Transitive",
        "resolved": "6.1.2",
        "contentHash": "2hBr6zdbIBTDE3EhK7NSVNdX58uTK6iHW/P/Axmm9sl1xoGSLqDvMtpecn226TNwHByFokYwJmt/aQQNlO5CRw=="
      },
      "System.Security.AccessControl": {
        "type": "Transitive",
        "resolved": "4.7.0",
        "contentHash": "JECvTt5aFF3WT3gHpfofL2MNNP6v84sxtXxpqhLBCcDRzqsPBmHhQ6shv4DwwN2tRlzsUxtb3G9M3763rbXKDg==",
        "dependencies": {
          "System.Security.Principal.Windows": "4.7.0"
        }
      },
      "System.Security.Cryptography.ProtectedData": {
        "type": "Transitive",
        "resolved": "4.7.0",
        "contentHash": "ehYW0m9ptxpGWvE4zgqongBVWpSDU/JCFD4K7krxkQwSz/sFQjEXCUqpvencjy6DYDbn7Ig09R8GFffu8TtneQ==",
        "dependencies": {
          "System.Memory": "4.5.3"
        }
      },
      "System.Security.Permissions": {
        "type": "Transitive",
        "resolved": "4.7.0",
        "contentHash": "dkOV6YYVBnYRa15/yv004eCGRBVADXw8qRbbNiCn/XpdJSUXkkUeIvdvFHkvnko4CdKMqG8yRHC4ox83LSlMsQ==",
        "dependencies": {
          "System.Security.AccessControl": "4.7.0"
        }
      },
      "System.Security.Principal.Windows": {
        "type": "Transitive",
        "resolved": "4.7.0",
        "contentHash": "ojD0PX0XhneCsUbAZVKdb7h/70vyYMDYs85lwEI+LngEONe/17A0cFaRFqZU+sOEidcVswYWikYOQ9PPfjlbtQ=="
      },
      "dotnetcore.collections.paginable": {
        "type": "Project"
      }
    },
    ".NETStandard,Version=v2.1": {
      "Microsoft.SourceLink.GitHub": {
        "type": "Direct",
        "requested": "[10.0.401, )",
        "resolved": "10.0.401",
        "contentHash": "LGmlwgP1Cx37JEWzyjS0o1/+xs/s/e3E2TBSuogI5ePA/9L0pfIfeYX0k5in7Bfcw8Nn2y2sG9jXxydTjiR2Fg==",
        "dependencies": {
          "Microsoft.Build.Tasks.Git": "10.0.401",
          "Microsoft.SourceLink.Common": "10.0.401",
          "System.IO.Hashing": "10.0.12"
        }
      },
      "NHibernate": {
        "type": "Direct",
        "requested": "[5.7.0, )",
        "resolved": "5.7.0",
        "contentHash": "1F+hr6k6Ox2Im8rylpEczLBNcXyB5AD4EgQbScGwKMboikmT0KPzrPP6q/h3bceHKpM+8MQTKVz3DslP89Hr7Q==",
        "dependencies": {
          "Antlr3.Runtime": "[3.5.1, 4.0.0)",
          "Iesi.Collections": "4.1.1",
          "Microsoft.CSharp": "4.7.0",
          "Remotion.Linq": "[2.2.0, 3.0.0)",
          "Remotion.Linq.EagerFetching": "[2.2.0, 3.0.0)",
          "System.Configuration.ConfigurationManager": "4.7.0"
        }
      },
      "Antlr3.Runtime": {
        "type": "Transitive",
        "resolved": "3.5.1",
        "contentHash": "ZwCEpLCLZXkjzf1lYEixp9hgVlYYk33ACHn6xjFyVhGRi2BpoYQez0qtatbetdylASWYTG+cGz0CGR4z66JM4w==",
        "dependencies": {
          "NETStandard.Library": "1.6.0"
        }
      },
      "Iesi.Collections": {
        "type": "Transitive",
        "resolved": "4.1.1",
        "contentHash": "VBrZi6gKjArcyOqrKoZODtd4V9rGqyxkUTwO9Hg/8+idhe/A391X9nRXuESewb7kfCNo5jRwFKLSjrY0j+0PkA=="
      },
      "Microsoft.Build.Tasks.Git": {
        "type": "Transitive",
        "resolved": "10.0.401",
        "contentHash": "ZYctNuT10V9IYyCFydy63DXx0ggZQuynuzQOdLvW62dPgzjIz7f0ISEP75RGiq1jFQh8p6TmGSqxeQZQ87LCig==",
        "dependencies": {
          "System.IO.Hashing": "10.0.12"
        }
      },
      "Microsoft.CSharp": {
        "type": "Transitive",
        "resolved": "4.7.0",
        "contentHash": "pTj+D3uJWyN3My70i2Hqo+OXixq3Os2D1nJ2x92FFo6sk8fYS1m1WLNTs0Dc1uPaViH0YvEEwvzddQ7y4rhXmA=="
      },
      "Microsoft.NETCore.Platforms": {
        "type": "Transitive",
        "resolved": "1.0.1",
        "contentHash": "2G6OjjJzwBfNOO8myRV/nFrbTw5iA+DEm0N+qUqhrOmaVtn4pC77h38I1jsXGw5VH55+dPfQsqHD0We9sCl9FQ=="
      },
      "Microsoft.SourceLink.Common": {
        "type": "Transitive",
        "resolved": "10.0.401",
        "contentHash": "u3rLxIwi/9MqDFaWGE/QQgLR1NBEzLOW2lv5+9OrZPDBYIAmFdYSWCWrR1ufpXWOqFn+x02TgKropl/oDuHmgA=="
      },
      "NETStandard.Library": {
        "type": "Transitive",
        "resolved": "1.6.0",
        "contentHash": "ypsCvIdCZ4IoYASJHt6tF2fMo7N30NLgV1EbmC+snO490OMl9FvVxmumw14rhReWU3j3g7BYudG6YCrchwHJlA==",
        "dependencies": {
          "Microsoft.NETCore.Platforms": "1.0.1"
        }
      },
      "Remotion.Linq": {
        "type": "Transitive",
        "resolved": "2.2.0",
        "contentHash": "fK/76UmpC0FXBlGDFVPLJHQlDLYnGC+XY3eoDgCgbtrhi0vzbXDQ3n/IYHhqSKqXQfGw/u04A1drWs7rFVkRjw=="
      },
      "Remotion.Linq.EagerFetching": {
        "type": "Transitive",
        "resolved": "2.2.0",
        "contentHash": "d6bkH5kROJPFsdvDy4yQved9I4ickamytPByPyuQcH9dk1ef4jciajo50vTQhheyOHeWOgLh97UvkiHV8QSgeQ==",
        "dependencies": {
          "Remotion.Linq": "2.2.0"
        }
      },
      "System.Configuration.ConfigurationManager": {
        "type": "Transitive",
        "resolved": "4.7.0",
        "contentHash": "/anOTeSZCNNI2zDilogWrZ8pNqCmYbzGNexUnNhjW8k0sHqEZ2nHJBp147jBV3hGYswu5lINpNg1vxR7bnqvVA==",
        "dependencies": {
          "System.Security.Cryptography.ProtectedData": "4.7.0",
          "System.Security.Permissions": "4.7.0"
        }
      },
      "System.IO.Hashing": {
        "type": "Transitive",
        "resolved": "10.0.12",
        "contentHash": "jDix4bBMYnpZdSPcnY+KDV6ik3SRMzpMKby/bZl/XUwIiflwRNAFZ0oOl61R/pSaveIJ8t1gs2BUlrGsPs/bcg=="
      },
      "System.Security.AccessControl": {
        "type": "Transitive",
        "resolved": "4.7.0",
        "contentHash": "JECvTt5aFF3WT3gHpfofL2MNNP6v84sxtXxpqhLBCcDRzqsPBmHhQ6shv4DwwN2tRlzsUxtb3G9M3763rbXKDg==",
        "dependencies": {
          "System.Security.Principal.Windows": "4.7.0"
        }
      },
      "System.Security.Cryptography.ProtectedData": {
        "type": "Transitive",
        "resolved": "4.7.0",
        "contentHash": "ehYW0m9ptxpGWvE4zgqongBVWpSDU/JCFD4K7krxkQwSz/sFQjEXCUqpvencjy6DYDbn7Ig09R8GFffu8TtneQ=="
      },
      "System.Security.Permissions": {
        "type": "Transitive",
        "resolved": "4.7.0",
        "contentHash": "dkOV6YYVBnYRa15/yv004eCGRBVADXw8qRbbNiCn/XpdJSUXkkUeIvdvFHkvnko4CdKMqG8yRHC4ox83LSlMsQ==",
        "dependencies": {
          "System.Security.AccessControl": "4.7.0"
        }
      },
      "System.Security.Principal.Windows": {
        "type": "Transitive",
        "resolved": "4.7.0",
        "contentHash": "ojD0PX0XhneCsUbAZVKdb7h/70vyYMDYs85lwEI+LngEONe/17A0cFaRFqZU+sOEidcVswYWikYOQ9PPfjlbtQ=="
      },
      "dotnetcore.collections.paginable": {
        "type": "Project"
      }
    },
    "net10.0": {
      "Microsoft.SourceLink.GitHub": {
        "type": "Direct",
        "requested": "[10.0.401, )",
        "resolved": "10.0.401",
        "contentHash": "LGmlwgP1Cx37JEWzyjS0o1/+xs/s/e3E2TBSuogI5ePA/9L0pfIfeYX0k5in7Bfcw8Nn2y2sG9jXxydTjiR2Fg==",
        "dependencies": {
          "Microsoft.Build.Tasks.Git": "10.0.401",
          "Microsoft.SourceLink.Common": "10.0.401",
          "System.IO.Hashing": "10.0.12"
        }
      },
      "NHibernate": {
        "type": "Direct",
        "requested": "[5.7.0, )",
        "resolved": "5.7.0",
        "contentHash": "1F+hr6k6Ox2Im8rylpEczLBNcXyB5AD4EgQbScGwKMboikmT0KPzrPP6q/h3bceHKpM+8MQTKVz3DslP89Hr7Q==",
        "dependencies": {
          "Antlr3.Runtime": "[3.5.1, 4.0.0)",
          "Iesi.Collections": "4.1.1",
          "Remotion.Linq": "[2.2.0, 3.0.0)",
          "Remotion.Linq.EagerFetching": "[2.2.0, 3.0.0)",
          "System.Configuration.ConfigurationManager": "10.0.0"
        }
      },
      "Antlr3.Runtime": {
        "type": "Transitive",
        "resolved": "3.5.1",
        "contentHash": "ZwCEpLCLZXkjzf1lYEixp9hgVlYYk33ACHn6xjFyVhGRi2BpoYQez0qtatbetdylASWYTG+cGz0CGR4z66JM4w==",
        "dependencies": {
          "NETStandard.Library": "1.6.0"
        }
      },
      "Iesi.Collections": {
        "type": "Transitive",
        "resolved": "4.1.1",
        "contentHash": "VBrZi6gKjArcyOqrKoZODtd4V9rGqyxkUTwO9Hg/8+idhe/A391X9nRXuESewb7kfCNo5jRwFKLSjrY0j+0PkA=="
      },
      "Microsoft.Build.Tasks.Git": {
        "type": "Transitive",
        "resolved": "10.0.401",
        "contentHash": "ZYctNuT10V9IYyCFydy63DXx0ggZQuynuzQOdLvW62dPgzjIz7f0ISEP75RGiq1jFQh8p6TmGSqxeQZQ87LCig==",
        "dependencies": {
          "System.IO.Hashing": "10.0.12"
        }
      },
      "Microsoft.NETCore.Platforms": {
        "type": "Transitive",
        "resolved": "1.0.1",
        "contentHash": "2G6OjjJzwBfNOO8myRV/nFrbTw5iA+DEm0N+qUqhrOmaVtn4pC77h38I1jsXGw5VH55+dPfQsqHD0We9sCl9FQ=="
      },
      "Microsoft.SourceLink.Common": {
        "type": "Transitive",
        "resolved": "10.0.401",
        "contentHash": "u3rLxIwi/9MqDFaWGE/QQgLR1NBEzLOW2lv5+9OrZPDBYIAmFdYSWCWrR1ufpXWOqFn+x02TgKropl/oDuHmgA=="
      },
      "NETStandard.Library": {
        "type": "Transitive",
        "resolved": "1.6.0",
        "contentHash": "ypsCvIdCZ4IoYASJHt6tF2fMo7N30NLgV1EbmC+snO490OMl9FvVxmumw14rhReWU3j3g7BYudG6YCrchwHJlA==",
        "dependencies": {
          "Microsoft.NETCore.Platforms": "1.0.1"
        }
      },
      "Remotion.Linq": {
        "type": "Transitive",
        "resolved": "2.2.0",
        "contentHash": "fK/76UmpC0FXBlGDFVPLJHQlDLYnGC+XY3eoDgCgbtrhi0vzbXDQ3n/IYHhqSKqXQfGw/u04A1drWs7rFVkRjw=="
      },
      "Remotion.Linq.EagerFetching": {
        "type": "Transitive",
        "resolved": "2.2.0",
        "contentHash": "d6bkH5kROJPFsdvDy4yQved9I4ickamytPByPyuQcH9dk1ef4jciajo50vTQhheyOHeWOgLh97UvkiHV8QSgeQ==",
        "dependencies": {
          "Remotion.Linq": "2.2.0"
        }
      },
      "System.Configuration.ConfigurationManager": {
        "type": "Transitive",
        "resolved": "10.0.0",
        "contentHash": "0B+BzJ6pPMrRzJrVsttKf9MfDj6Syw9xoY+agcS9VssYQali1446+jTf5v1K94AMFUBxLXqDZlaTjO5edaI3jA==",
        "dependencies": {
          "System.Diagnostics.EventLog": "10.0.0",
          "System.Security.Cryptography.ProtectedData": "10.0.0"
        }
      },
      "System.Diagnostics.EventLog": {
        "type": "Transitive",
        "resolved": "10.0.0",
        "contentHash": "uaFRda9NjtbJRkdx311eXlAA3n2em7223c1A8d1VWyl+4FL9vkG7y2lpPfBU9HYdj/9KgdRNdn1vFK8ZYCYT/A=="
      },
      "System.IO.Hashing": {
        "type": "Transitive",
        "resolved": "10.0.12",
        "contentHash": "jDix4bBMYnpZdSPcnY+KDV6ik3SRMzpMKby/bZl/XUwIiflwRNAFZ0oOl61R/pSaveIJ8t1gs2BUlrGsPs/bcg=="
      },
      "System.Security.Cryptography.ProtectedData": {
        "type": "Transitive",
        "resolved": "10.0.0",
        "contentHash": "qy6C3gQRTrfhFfuiIYU1jNwWfFdJpBVo1BARW7jgMm1zTEm3LRzLLyOLJGaAuKE+nZCGkEP71y4rj9NWjqLGdQ=="
      },
      "dotnetcore.collections.paginable": {
        "type": "Project"
      }
    },
    "net6.0": {
      "Microsoft.SourceLink.GitHub": {
        "type": "Direct",
        "requested": "[10.0.401, )",
        "resolved": "10.0.401",
        "contentHash": "LGmlwgP1Cx37JEWzyjS0o1/+xs/s/e3E2TBSuogI5ePA/9L0pfIfeYX0k5in7Bfcw8Nn2y2sG9jXxydTjiR2Fg==",
        "dependencies": {
          "Microsoft.Build.Tasks.Git": "10.0.401",
          "Microsoft.SourceLink.Common": "10.0.401",
          "System.IO.Hashing": "10.0.12"
        }
      },
      "NHibernate": {
        "type": "Direct",
        "requested": "[5.7.0, )",
        "resolved": "5.7.0",
        "contentHash": "1F+hr6k6Ox2Im8rylpEczLBNcXyB5AD4EgQbScGwKMboikmT0KPzrPP6q/h3bceHKpM+8MQTKVz3DslP89Hr7Q==",
        "dependencies": {
          "Antlr3.Runtime": "[3.5.1, 4.0.0)",
          "Iesi.Collections": "4.1.1",
          "Remotion.Linq": "[2.2.0, 3.0.0)",
          "Remotion.Linq.EagerFetching": "[2.2.0, 3.0.0)",
          "System.Configuration.ConfigurationManager": "6.0.0"
        }
      },
      "Antlr3.Runtime": {
        "type": "Transitive",
        "resolved": "3.5.1",
        "contentHash": "ZwCEpLCLZXkjzf1lYEixp9hgVlYYk33ACHn6xjFyVhGRi2BpoYQez0qtatbetdylASWYTG+cGz0CGR4z66JM4w==",
        "dependencies": {
          "NETStandard.Library": "1.6.0"
        }
      },
      "Iesi.Collections": {
        "type": "Transitive",
        "resolved": "4.1.1",
        "contentHash": "VBrZi6gKjArcyOqrKoZODtd4V9rGqyxkUTwO9Hg/8+idhe/A391X9nRXuESewb7kfCNo5jRwFKLSjrY0j+0PkA=="
      },
      "Microsoft.Build.Tasks.Git": {
        "type": "Transitive",
        "resolved": "10.0.401",
        "contentHash": "ZYctNuT10V9IYyCFydy63DXx0ggZQuynuzQOdLvW62dPgzjIz7f0ISEP75RGiq1jFQh8p6TmGSqxeQZQ87LCig==",
        "dependencies": {
          "System.IO.Hashing": "10.0.12"
        }
      },
      "Microsoft.NETCore.Platforms": {
        "type": "Transitive",
        "resolved": "1.0.1",
        "contentHash": "2G6OjjJzwBfNOO8myRV/nFrbTw5iA+DEm0N+qUqhrOmaVtn4pC77h38I1jsXGw5VH55+dPfQsqHD0We9sCl9FQ=="
      },
      "Microsoft.SourceLink.Common": {
        "type": "Transitive",
        "resolved": "10.0.401",
        "contentHash": "u3rLxIwi/9MqDFaWGE/QQgLR1NBEzLOW2lv5+9OrZPDBYIAmFdYSWCWrR1ufpXWOqFn+x02TgKropl/oDuHmgA=="
      },
      "Microsoft.Win32.SystemEvents": {
        "type": "Transitive",
        "resolved": "6.0.0",
        "contentHash": "hqTM5628jSsQiv+HGpiq3WKBl2c8v1KZfby2J6Pr7pEPlK9waPdgEO6b8A/+/xn/yZ9ulv8HuqK71ONy2tg67A=="
      },
      "NETStandard.Library": {
        "type": "Transitive",
        "resolved": "1.6.0",
        "contentHash": "ypsCvIdCZ4IoYASJHt6tF2fMo7N30NLgV1EbmC+snO490OMl9FvVxmumw14rhReWU3j3g7BYudG6YCrchwHJlA==",
        "dependencies": {
          "Microsoft.NETCore.Platforms": "1.0.1"
        }
      },
      "Remotion.Linq": {
        "type": "Transitive",
        "resolved": "2.2.0",
        "contentHash": "fK/76UmpC0FXBlGDFVPLJHQlDLYnGC+XY3eoDgCgbtrhi0vzbXDQ3n/IYHhqSKqXQfGw/u04A1drWs7rFVkRjw=="
      },
      "Remotion.Linq.EagerFetching": {
        "type": "Transitive",
        "resolved": "2.2.0",
        "contentHash": "d6bkH5kROJPFsdvDy4yQved9I4ickamytPByPyuQcH9dk1ef4jciajo50vTQhheyOHeWOgLh97UvkiHV8QSgeQ==",
        "dependencies": {
          "Remotion.Linq": "2.2.0"
        }
      },
      "System.Configuration.ConfigurationManager": {
        "type": "Transitive",
        "resolved": "6.0.0",
        "contentHash": "7T+m0kDSlIPTHIkPMIu6m6tV6qsMqJpvQWW2jIc2qi7sn40qxFo0q+7mEQAhMPXZHMKnWrnv47ntGlM/ejvw3g==",
        "dependencies": {
          "System.Security.Cryptography.ProtectedData": "6.0.0",
          "System.Security.Permissions": "6.0.0"
        }
      },
      "System.Drawing.Common": {
        "type": "Transitive",
        "resolved": "6.0.0",
        "contentHash": "NfuoKUiP2nUWwKZN6twGqXioIe1zVD0RIj2t976A+czLHr2nY454RwwXs6JU9Htc6mwqL6Dn/nEL3dpVf2jOhg==",
        "dependencies": {
          "Microsoft.Win32.SystemEvents": "6.0.0"
        }
      },
      "System.IO.Hashing": {
        "type": "Transitive",
        "resolved": "10.0.12",
        "contentHash": "jDix4bBMYnpZdSPcnY+KDV6ik3SRMzpMKby/bZl/XUwIiflwRNAFZ0oOl61R/pSaveIJ8t1gs2BUlrGsPs/bcg=="
      },
      "System.Security.Cryptography.ProtectedData": {
        "type": "Transitive",
        "resolved": "6.0.0",
        "contentHash": "rp1gMNEZpvx9vP0JW0oHLxlf8oSiQgtno77Y4PLUBjSiDYoD77Y8uXHr1Ea5XG4/pIKhqAdxZ8v8OTUtqo9PeQ=="
      },
      "System.Security.Permissions": {
        "type": "Transitive",
        "resolved": "6.0.0",
        "contentHash": "T/uuc7AklkDoxmcJ7LGkyX1CcSviZuLCa4jg3PekfJ7SU0niF0IVTXwUiNVP9DSpzou2PpxJ+eNY2IfDM90ZCg==",
        "dependencies": {
          "System.Windows.Extensions": "6.0.0"
        }
      },
      "System.Windows.Extensions": {
        "type": "Transitive",
        "resolved": "6.0.0",
        "contentHash": "IXoJOXIqc39AIe+CIR7koBtRGMiCt/LPM3lI+PELtDIy9XdyeSrwXFdWV9dzJ2Awl0paLWUaknLxFQ5HpHZUog==",
        "dependencies": {
          "System.Drawing.Common": "6.0.0"
        }
      },
      "dotnetcore.collections.paginable": {
        "type": "Project"
      }
    },
    "net7.0": {
      "Microsoft.SourceLink.GitHub": {
        "type": "Direct",
        "requested": "[10.0.401, )",
        "resolved": "10.0.401",
        "contentHash": "LGmlwgP1Cx37JEWzyjS0o1/+xs/s/e3E2TBSuogI5ePA/9L0pfIfeYX0k5in7Bfcw8Nn2y2sG9jXxydTjiR2Fg==",
        "dependencies": {
          "Microsoft.Build.Tasks.Git": "10.0.401",
          "Microsoft.SourceLink.Common": "10.0.401",
          "System.IO.Hashing": "10.0.12"
        }
      },
      "NHibernate": {
        "type": "Direct",
        "requested": "[5.7.0, )",
        "resolved": "5.7.0",
        "contentHash": "1F+hr6k6Ox2Im8rylpEczLBNcXyB5AD4EgQbScGwKMboikmT0KPzrPP6q/h3bceHKpM+8MQTKVz3DslP89Hr7Q==",
        "dependencies": {
          "Antlr3.Runtime": "[3.5.1, 4.0.0)",
          "Iesi.Collections": "4.1.1",
          "Remotion.Linq": "[2.2.0, 3.0.0)",
          "Remotion.Linq.EagerFetching": "[2.2.0, 3.0.0)",
          "System.Configuration.ConfigurationManager": "6.0.0"
        }
      },
      "Antlr3.Runtime": {
        "type": "Transitive",
        "resolved": "3.5.1",
        "contentHash": "ZwCEpLCLZXkjzf1lYEixp9hgVlYYk33ACHn6xjFyVhGRi2BpoYQez0qtatbetdylASWYTG+cGz0CGR4z66JM4w==",
        "dependencies": {
          "NETStandard.Library": "1.6.0"
        }
      },
      "Iesi.Collections": {
        "type": "Transitive",
        "resolved": "4.1.1",
        "contentHash": "VBrZi6gKjArcyOqrKoZODtd4V9rGqyxkUTwO9Hg/8+idhe/A391X9nRXuESewb7kfCNo5jRwFKLSjrY0j+0PkA=="
      },
      "Microsoft.Build.Tasks.Git": {
        "type": "Transitive",
        "resolved": "10.0.401",
        "contentHash": "ZYctNuT10V9IYyCFydy63DXx0ggZQuynuzQOdLvW62dPgzjIz7f0ISEP75RGiq1jFQh8p6TmGSqxeQZQ87LCig==",
        "dependencies": {
          "System.IO.Hashing": "10.0.12"
        }
      },
      "Microsoft.NETCore.Platforms": {
        "type": "Transitive",
        "resolved": "1.0.1",
        "contentHash": "2G6OjjJzwBfNOO8myRV/nFrbTw5iA+DEm0N+qUqhrOmaVtn4pC77h38I1jsXGw5VH55+dPfQsqHD0We9sCl9FQ=="
      },
      "Microsoft.SourceLink.Common": {
        "type": "Transitive",
        "resolved": "10.0.401",
        "contentHash": "u3rLxIwi/9MqDFaWGE/QQgLR1NBEzLOW2lv5+9OrZPDBYIAmFdYSWCWrR1ufpXWOqFn+x02TgKropl/oDuHmgA=="
      },
      "Microsoft.Win32.SystemEvents": {
        "type": "Transitive",
        "resolved": "6.0.0",
        "contentHash": "hqTM5628jSsQiv+HGpiq3WKBl2c8v1KZfby2J6Pr7pEPlK9waPdgEO6b8A/+/xn/yZ9ulv8HuqK71ONy2tg67A=="
      },
      "NETStandard.Library": {
        "type": "Transitive",
        "resolved": "1.6.0",
        "contentHash": "ypsCvIdCZ4IoYASJHt6tF2fMo7N30NLgV1EbmC+snO490OMl9FvVxmumw14rhReWU3j3g7BYudG6YCrchwHJlA==",
        "dependencies": {
          "Microsoft.NETCore.Platforms": "1.0.1"
        }
      },
      "Remotion.Linq": {
        "type": "Transitive",
        "resolved": "2.2.0",
        "contentHash": "fK/76UmpC0FXBlGDFVPLJHQlDLYnGC+XY3eoDgCgbtrhi0vzbXDQ3n/IYHhqSKqXQfGw/u04A1drWs7rFVkRjw=="
      },
      "Remotion.Linq.EagerFetching": {
        "type": "Transitive",
        "resolved": "2.2.0",
        "contentHash": "d6bkH5kROJPFsdvDy4yQved9I4ickamytPByPyuQcH9dk1ef4jciajo50vTQhheyOHeWOgLh97UvkiHV8QSgeQ==",
        "dependencies": {
          "Remotion.Linq": "2.2.0"
        }
      },
      "System.Configuration.ConfigurationManager": {
        "type": "Transitive",
        "resolved": "6.0.0",
        "contentHash": "7T+m0kDSlIPTHIkPMIu6m6tV6qsMqJpvQWW2jIc2qi7sn40qxFo0q+7mEQAhMPXZHMKnWrnv47ntGlM/ejvw3g==",
        "dependencies": {
          "System.Security.Cryptography.ProtectedData": "6.0.0",
          "System.Security.Permissions": "6.0.0"
        }
      },
      "System.Drawing.Common": {
        "type": "Transitive",
        "resolved": "6.0.0",
        "contentHash": "NfuoKUiP2nUWwKZN6twGqXioIe1zVD0RIj2t976A+czLHr2nY454RwwXs6JU9Htc6mwqL6Dn/nEL3dpVf2jOhg==",
        "dependencies": {
          "Microsoft.Win32.SystemEvents": "6.0.0"
        }
      },
      "System.IO.Hashing": {
        "type": "Transitive",
        "resolved": "10.0.12",
        "contentHash": "jDix4bBMYnpZdSPcnY+KDV6ik3SRMzpMKby/bZl/XUwIiflwRNAFZ0oOl61R/pSaveIJ8t1gs2BUlrGsPs/bcg=="
      },
      "System.Security.Cryptography.ProtectedData": {
        "type": "Transitive",
        "resolved": "6.0.0",
        "contentHash": "rp1gMNEZpvx9vP0JW0oHLxlf8oSiQgtno77Y4PLUBjSiDYoD77Y8uXHr1Ea5XG4/pIKhqAdxZ8v8OTUtqo9PeQ=="
      },
      "System.Security.Permissions": {
        "type": "Transitive",
        "resolved": "6.0.0",
        "contentHash": "T/uuc7AklkDoxmcJ7LGkyX1CcSviZuLCa4jg3PekfJ7SU0niF0IVTXwUiNVP9DSpzou2PpxJ+eNY2IfDM90ZCg==",
        "dependencies": {
          "System.Windows.Extensions": "6.0.0"
        }
      },
      "System.Windows.Extensions": {
        "type": "Transitive",
        "resolved": "6.0.0",
        "contentHash": "IXoJOXIqc39AIe+CIR7koBtRGMiCt/LPM3lI+PELtDIy9XdyeSrwXFdWV9dzJ2Awl0paLWUaknLxFQ5HpHZUog==",
        "dependencies": {
          "System.Drawing.Common": "6.0.0"
        }
      },
      "dotnetcore.collections.paginable": {
        "type": "Project"
      }
    },
    "net8.0": {
      "Microsoft.SourceLink.GitHub": {
        "type": "Direct",
        "requested": "[10.0.401, )",
        "resolved": "10.0.401",
        "contentHash": "LGmlwgP1Cx37JEWzyjS0o1/+xs/s/e3E2TBSuogI5ePA/9L0pfIfeYX0k5in7Bfcw8Nn2y2sG9jXxydTjiR2Fg==",
        "dependencies": {
          "Microsoft.Build.Tasks.Git": "10.0.401",
          "Microsoft.SourceLink.Common": "10.0.401",
          "System.IO.Hashing": "10.0.12"
        }
      },
      "NHibernate": {
        "type": "Direct",
        "requested": "[5.7.0, )",
        "resolved": "5.7.0",
        "contentHash": "1F+hr6k6Ox2Im8rylpEczLBNcXyB5AD4EgQbScGwKMboikmT0KPzrPP6q/h3bceHKpM+8MQTKVz3DslP89Hr7Q==",
        "dependencies": {
          "Antlr3.Runtime": "[3.5.1, 4.0.0)",
          "Iesi.Collections": "4.1.1",
          "Remotion.Linq": "[2.2.0, 3.0.0)",
          "Remotion.Linq.EagerFetching": "[2.2.0, 3.0.0)",
          "System.Configuration.ConfigurationManager": "8.0.0"
        }
      },
      "Antlr3.Runtime": {
        "type": "Transitive",
        "resolved": "3.5.1",
        "contentHash": "ZwCEpLCLZXkjzf1lYEixp9hgVlYYk33ACHn6xjFyVhGRi2BpoYQez0qtatbetdylASWYTG+cGz0CGR4z66JM4w==",
        "dependencies": {
          "NETStandard.Library": "1.6.0"
        }
      },
      "Iesi.Collections": {
        "type": "Transitive",
        "resolved": "4.1.1",
        "contentHash": "VBrZi6gKjArcyOqrKoZODtd4V9rGqyxkUTwO9Hg/8+idhe/A391X9nRXuESewb7kfCNo5jRwFKLSjrY0j+0PkA=="
      },
      "Microsoft.Build.Tasks.Git": {
        "type": "Transitive",
        "resolved": "10.0.401",
        "contentHash": "ZYctNuT10V9IYyCFydy63DXx0ggZQuynuzQOdLvW62dPgzjIz7f0ISEP75RGiq1jFQh8p6TmGSqxeQZQ87LCig==",
        "dependencies": {
          "System.IO.Hashing": "10.0.12"
        }
      },
      "Microsoft.NETCore.Platforms": {
        "type": "Transitive",
        "resolved": "1.0.1",
        "contentHash": "2G6OjjJzwBfNOO8myRV/nFrbTw5iA+DEm0N+qUqhrOmaVtn4pC77h38I1jsXGw5VH55+dPfQsqHD0We9sCl9FQ=="
      },
      "Microsoft.SourceLink.Common": {
        "type": "Transitive",
        "resolved": "10.0.401",
        "contentHash": "u3rLxIwi/9MqDFaWGE/QQgLR1NBEzLOW2lv5+9OrZPDBYIAmFdYSWCWrR1ufpXWOqFn+x02TgKropl/oDuHmgA=="
      },
      "NETStandard.Library": {
        "type": "Transitive",
        "resolved": "1.6.0",
        "contentHash": "ypsCvIdCZ4IoYASJHt6tF2fMo7N30NLgV1EbmC+snO490OMl9FvVxmumw14rhReWU3j3g7BYudG6YCrchwHJlA==",
        "dependencies": {
          "Microsoft.NETCore.Platforms": "1.0.1"
        }
      },
      "Remotion.Linq": {
        "type": "Transitive",
        "resolved": "2.2.0",
        "contentHash": "fK/76UmpC0FXBlGDFVPLJHQlDLYnGC+XY3eoDgCgbtrhi0vzbXDQ3n/IYHhqSKqXQfGw/u04A1drWs7rFVkRjw=="
      },
      "Remotion.Linq.EagerFetching": {
        "type": "Transitive",
        "resolved": "2.2.0",
        "contentHash": "d6bkH5kROJPFsdvDy4yQved9I4ickamytPByPyuQcH9dk1ef4jciajo50vTQhheyOHeWOgLh97UvkiHV8QSgeQ==",
        "dependencies": {
          "Remotion.Linq": "2.2.0"
        }
      },
      "System.Configuration.ConfigurationManager": {
        "type": "Transitive",
        "resolved": "8.0.0",
        "contentHash": "JlYi9XVvIREURRUlGMr1F6vOFLk7YSY4p1vHo4kX3tQ0AGrjqlRWHDi66ImHhy6qwXBG3BJ6Y1QlYQ+Qz6Xgww==",
        "dependencies": {
          "System.Diagnostics.EventLog": "8.0.0",
          "System.Security.Cryptography.ProtectedData": "8.0.0"
        }
      },
      "System.Diagnostics.EventLog": {
        "type": "Transitive",
        "resolved": "8.0.0",
        "contentHash": "fdYxcRjQqTTacKId/2IECojlDSFvp7LP5N78+0z/xH7v/Tuw5ZAxu23Y6PTCRinqyu2ePx+Gn1098NC6jM6d+A=="
      },
      "System.IO.Hashing": {
        "type": "Transitive",
        "resolved": "10.0.12",
        "contentHash": "jDix4bBMYnpZdSPcnY+KDV6ik3SRMzpMKby/bZl/XUwIiflwRNAFZ0oOl61R/pSaveIJ8t1gs2BUlrGsPs/bcg=="
      },
      "System.Security.Cryptography.ProtectedData": {
        "type": "Transitive",
        "resolved": "8.0.0",
        "contentHash": "+TUFINV2q2ifyXauQXRwy4CiBhqvDEDZeVJU7qfxya4aRYOKzVBpN+4acx25VcPB9ywUN6C0n8drWl110PhZEg=="
      },
      "dotnetcore.collections.paginable": {
        "type": "Project"
      }
    },
    "net9.0": {
      "Microsoft.SourceLink.GitHub": {
        "type": "Direct",
        "requested": "[10.0.401, )",
        "resolved": "10.0.401",
        "contentHash": "LGmlwgP1Cx37JEWzyjS0o1/+xs/s/e3E2TBSuogI5ePA/9L0pfIfeYX0k5in7Bfcw8Nn2y2sG9jXxydTjiR2Fg==",
        "dependencies": {
          "Microsoft.Build.Tasks.Git": "10.0.401",
          "Microsoft.SourceLink.Common": "10.0.401",
          "System.IO.Hashing": "10.0.12"
        }
      },
      "NHibernate": {
        "type": "Direct",
        "requested": "[5.7.0, )",
        "resolved": "5.7.0",
        "contentHash": "1F+hr6k6Ox2Im8rylpEczLBNcXyB5AD4EgQbScGwKMboikmT0KPzrPP6q/h3bceHKpM+8MQTKVz3DslP89Hr7Q==",
        "dependencies": {
          "Antlr3.Runtime": "[3.5.1, 4.0.0)",
          "Iesi.Collections": "4.1.1",
          "Remotion.Linq": "[2.2.0, 3.0.0)",
          "Remotion.Linq.EagerFetching": "[2.2.0, 3.0.0)",
          "System.Configuration.ConfigurationManager": "8.0.0"
        }
      },
      "Antlr3.Runtime": {
        "type": "Transitive",
        "resolved": "3.5.1",
        "contentHash": "ZwCEpLCLZXkjzf1lYEixp9hgVlYYk33ACHn6xjFyVhGRi2BpoYQez0qtatbetdylASWYTG+cGz0CGR4z66JM4w==",
        "dependencies": {
          "NETStandard.Library": "1.6.0"
        }
      },
      "Iesi.Collections": {
        "type": "Transitive",
        "resolved": "4.1.1",
        "contentHash": "VBrZi6gKjArcyOqrKoZODtd4V9rGqyxkUTwO9Hg/8+idhe/A391X9nRXuESewb7kfCNo5jRwFKLSjrY0j+0PkA=="
      },
      "Microsoft.Build.Tasks.Git": {
        "type": "Transitive",
        "resolved": "10.0.401",
        "contentHash": "ZYctNuT10V9IYyCFydy63DXx0ggZQuynuzQOdLvW62dPgzjIz7f0ISEP75RGiq1jFQh8p6TmGSqxeQZQ87LCig==",
        "dependencies": {
          "System.IO.Hashing": "10.0.12"
        }
      },
      "Microsoft.NETCore.Platforms": {
        "type": "Transitive",
        "resolved": "1.0.1",
        "contentHash": "2G6OjjJzwBfNOO8myRV/nFrbTw5iA+DEm0N+qUqhrOmaVtn4pC77h38I1jsXGw5VH55+dPfQsqHD0We9sCl9FQ=="
      },
      "Microsoft.SourceLink.Common": {
        "type": "Transitive",
        "resolved": "10.0.401",
        "contentHash": "u3rLxIwi/9MqDFaWGE/QQgLR1NBEzLOW2lv5+9OrZPDBYIAmFdYSWCWrR1ufpXWOqFn+x02TgKropl/oDuHmgA=="
      },
      "NETStandard.Library": {
        "type": "Transitive",
        "resolved": "1.6.0",
        "contentHash": "ypsCvIdCZ4IoYASJHt6tF2fMo7N30NLgV1EbmC+snO490OMl9FvVxmumw14rhReWU3j3g7BYudG6YCrchwHJlA==",
        "dependencies": {
          "Microsoft.NETCore.Platforms": "1.0.1"
        }
      },
      "Remotion.Linq": {
        "type": "Transitive",
        "resolved": "2.2.0",
        "contentHash": "fK/76UmpC0FXBlGDFVPLJHQlDLYnGC+XY3eoDgCgbtrhi0vzbXDQ3n/IYHhqSKqXQfGw/u04A1drWs7rFVkRjw=="
      },
      "Remotion.Linq.EagerFetching": {
        "type": "Transitive",
        "resolved": "2.2.0",
        "contentHash": "d6bkH5kROJPFsdvDy4yQved9I4ickamytPByPyuQcH9dk1ef4jciajo50vTQhheyOHeWOgLh97UvkiHV8QSgeQ==",
        "dependencies": {
          "Remotion.Linq": "2.2.0"
        }
      },
      "System.Configuration.ConfigurationManager": {
        "type": "Transitive",
        "resolved": "8.0.0",
        "contentHash": "JlYi9XVvIREURRUlGMr1F6vOFLk7YSY4p1vHo4kX3tQ0AGrjqlRWHDi66ImHhy6qwXBG3BJ6Y1QlYQ+Qz6Xgww==",
        "dependencies": {
          "System.Diagnostics.EventLog": "8.0.0",
          "System.Security.Cryptography.ProtectedData": "8.0.0"
        }
      },
      "System.Diagnostics.EventLog": {
        "type": "Transitive",
        "resolved": "8.0.0",
        "contentHash": "fdYxcRjQqTTacKId/2IECojlDSFvp7LP5N78+0z/xH7v/Tuw5ZAxu23Y6PTCRinqyu2ePx+Gn1098NC6jM6d+A=="
      },
      "System.IO.Hashing": {
        "type": "Transitive",
        "resolved": "10.0.12",
        "contentHash": "jDix4bBMYnpZdSPcnY+KDV6ik3SRMzpMKby/bZl/XUwIiflwRNAFZ0oOl61R/pSaveIJ8t1gs2BUlrGsPs/bcg=="
      },
      "System.Security.Cryptography.ProtectedData": {
        "type": "Transitive",
        "resolved": "8.0.0",
        "contentHash": "+TUFINV2q2ifyXauQXRwy4CiBhqvDEDZeVJU7qfxya4aRYOKzVBpN+4acx25VcPB9ywUN6C0n8drWl110PhZEg=="
      },
      "dotnetcore.collections.paginable": {
        "type": "Project"
      }
    }
  }
}